
Microsoft Visual Studio Solution File, Format Version 12.00
# Visual Studio 15
VisualStudioVersion = 15.0.28010.2026
MinimumVisualStudioVersion = 10.0.40219.1
Project("{FAE04EC0-301F-11D3-BF4B-00C04F79EFBC}") = "AccountManagement.Model", "AccountManagement.Model\AccountManagement.Model.csproj", "{8E0DDF3E-19A1-4961-8CB9-22366F1736B3}"
EndProject
Project("{FAE04EC0-301F-11D3-BF4B-00C04F79EFBC}") = "AccountManagement.UI", "AccountManagement.UI\AccountManagement.UI.csproj", "{172B67D0-332C-4296-A1E1-E252DEB775A8}"
EndProject
Global
	GlobalSection(SolutionConfigurationPlatforms) = preSolution
		Debug|Any CPU = Debug|Any CPU
		Release|Any CPU = Release|Any CPU
	EndGlobalSection
	GlobalSection(ProjectConfigurationPlatforms) = postSolution
		{8E0DDF3E-19A1-4961-8CB9-22366F1736B3}.Debug|Any CPU.ActiveCfg = Debug|Any CPU
		{8E0DDF3E-19A1-4961-8CB9-22366F1736B3}.Debug|Any CPU.Build.0 = Debug|Any CPU
		{8E0DDF3E-19A1-4961-8CB9-22366F1736B3}.Release|Any CPU.ActiveCfg = Release|Any CPU
		{8E0DDF3E-19A1-4961-8CB9-22366F1736B3}.Release|Any CPU.Build.0 = Release|Any CPU
		{172B67D0-332C-4296-A1E1-E252DEB775A8}.Debug|Any CPU.ActiveCfg = Debug|Any CPU
		{172B67D0-332C-4296-A1E1-E252DEB775A8}.Debug|Any CPU.Build.0 = Debug|Any CPU
		{172B67D0-332C-4296-A1E1-E252DEB775A8}.Release|Any CPU.ActiveCfg = Release|Any CPU
		{172B67D0-332C-4296-A1E1-E252DEB775A8}.Release|Any CPU.Build.0 = Release|Any CPU
	EndGlobalSection
	GlobalSection(SolutionProperties) = preSolution
		HideSolutionNode = FALSE
	EndGlobalSection
	GlobalSection(ExtensibilityGlobals) = postSolution
		SolutionGuid = {AC6CE46F-698D-4DEA-B8E6-4F8D7D3CAFF3}
	EndGlobalSection
EndGlobal
